<?xml version="1.0" encoding="utf-8"?>
<Project ToolsVersion="4.0" xmlns="http://schemas.microsoft.com/developer/msbuild/2003">
  <ItemGroup>
    <ClCompile Include="Boss.cpp" />
    <ClCompile Include="BossBlueDemon.cpp" />
    <ClCompile Include="BossBuddha.cpp" />
    <ClCompile Include="BossHag.cpp" />
    <ClCompile Include="BossRedDemon.cpp" />
    <ClCompile Include="EnemyBloodPondDemon.cpp" />
    <ClCompile Include="EnemyBlueMonk.cpp" />
    <ClCompile Include="EnemyBowDemon.cpp" />
    <ClCompile Include="Camera.cpp" />
    <ClCompile Include="Character.cpp" />
    <ClCompile Include="Cloud.cpp" />
    <ClCompile Include="CloudMgr.cpp" />
    <ClCompile Include="Enemy.cpp" />
    <ClCompile Include="EnemyBowDemonAttack.cpp" />
    <ClCompile Include="EnemyBranchMonster.cpp" />
    <ClCompile Include="EnemyCrow.cpp" />
    <ClCompile Include="EnemyCrocodileSnake.cpp" />
    <ClCompile Include="EnemyDeceasedFirst.cpp" />
    <ClCompile Include="EnemyDeceasedFourth.cpp" />
    <ClCompile Include="EnemyDeceasedGreen.cpp" />
    <ClCompile Include="EnemyDeceasedSecond.cpp" />
    <ClCompile Include="EnemyDeceasedThird.cpp" />
    <ClCompile Include="EnemyExtrudedSpirits.cpp" />
    <ClCompile Include="EnemyEyeSpector.cpp" />
    <ClCompile Include="EnemyFireball.cpp" />
    <ClCompile Include="EnemyFlog.cpp" />
    <ClCompile Include="EnemyFlogSmall.cpp" />
    <ClCompile Include="EnemyGrowFace.cpp" />
    <ClCompile Include="EnemyHellFire.cpp" />
    <ClCompile Include="EnemyHugDemon.cpp" />
    <ClCompile Include="EnemyJizo.cpp" />
    <ClCompile Include="EnemyLittleBlueDemon.cpp" />
    <ClCompile Include="EnemyMiasmaGray.cpp" />
    <ClCompile Include="EnemyMiasmaWhite.cpp" />
    <ClCompile Include="EnemyOneEyesSnake.cpp" />
    <ClCompile Include="EnemyRockMassShell.cpp" />
    <ClCompile Include="EnemyTreeMonster.cpp" />
    <ClCompile Include="EnemyWaterGhost.cpp" />
    <ClCompile Include="EnemyGhoul.cpp" />
    <ClCompile Include="EnemyManager.cpp" />
    <ClCompile Include="EnemyMoth.cpp" />
    <ClCompile Include="EnemyOnyudo.cpp" />
    <ClCompile Include="EnemyDeceasedPurple.cpp" />
    <ClCompile Include="EnemyRedbird.cpp" />
    <ClCompile Include="EnemyRedbirdAttack.cpp" />
    <ClCompile Include="EnemyStock.cpp" />
    <ClCompile Include="EnemyStoneRote.cpp" />
    <ClCompile Include="EnemyStoneFly.cpp" />
    <ClCompile Include="EnemyTree.cpp" />
    <ClCompile Include="EnemyGhost.cpp" />
    <ClCompile Include="EnemyWaterMonk.cpp" />
    <ClCompile Include="Field.cpp" />
    <ClCompile Include="Game.cpp" />
    <ClCompile Include="EnemyLittleRedDemon.cpp" />
    <ClCompile Include="main.cpp" />
    <ClCompile Include="Map.cpp" />
    <ClCompile Include="Map0.cpp" />
    <ClCompile Include="Map1.cpp" />
    <ClCompile Include="Map2.cpp" />
    <ClCompile Include="Map3.cpp" />
    <ClCompile Include="Map4.cpp" />
    <ClCompile Include="MapTest.cpp" />
    <ClCompile Include="Momotaro.cpp" />
    <ClCompile Include="Power.cpp" />
    <ClCompile Include="Psychic.cpp" />
    <ClCompile Include="PsychicMgr.cpp" />
    <ClCompile Include="PsychicMomotaro.cpp" />
    <ClCompile Include="PsychicTarosuke.cpp" />
    <ClCompile Include="Scene.cpp" />
    <ClCompile Include="SceneGate.cpp" />
    <ClCompile Include="SceneResult.cpp" />
    <ClCompile Include="SceneStreet.cpp" />
    <ClCompile Include="SceneTitle.cpp" />
    <ClCompile Include="EnemySkeletonSpear.cpp" />
    <ClCompile Include="Status.cpp" />
    <ClCompile Include="Tarosuke.cpp" />
    <ClCompile Include="EnemyBranchMonsterAttack.cpp" />
    <ClCompile Include="EnemyWindMonster.cpp" />
    <ClCompile Include="EnemyBranchMonster.cpp" />
    <ClCompile Include="EnemyHellFire.cpp" />
    <ClCompile Include="EnemyStock.cpp" />
    <ClCompile Include="EnemyMoth.cpp" />
    <ClCompile Include="EnemyTree.cpp" />
    <ClCompile Include="Power.cpp" />
    <ClCompile Include="SceneGate.cpp" />
    <ClCompile Include="CloudMgr.cpp" />
    <ClCompile Include="Boss.cpp" />
    <ClCompile Include="BossRedDemon.cpp" />
    <ClCompile Include="Map0.cpp" />
    <ClCompile Include="Map1.cpp" />
    <ClCompile Include="Map2.cpp" />
    <ClCompile Include="Map3.cpp" />
    <ClCompile Include="Map4.cpp" />
    <ClCompile Include="MapTest.cpp" />
    <ClCompile Include="EnemyDeceasedFirst.cpp" />
    <ClCompile Include="EnemyDeceasedSecond.cpp" />
    <ClCompile Include="EnemyDeceasedThird.cpp" />
    <ClCompile Include="EnemyDeceasedFourth.cpp" />
    <ClCompile Include="EnemyGhoul.cpp" />
    <ClCompile Include="EnemyExtrudedSpirits.cpp" />
    <ClCompile Include="EnemyGhost.cpp" />
    <ClCompile Include="EnemyOnyudo.cpp" />
    <ClCompile Include="EnemyStoneFly.cpp" />
    <ClCompile Include="EnemyStoneRote.cpp" />
    <ClCompile Include="EnemyWaterGhost.cpp" />
    <ClCompile Include="EnemyWaterMonk.cpp" />
    <ClCompile Include="EnemySkeletonSpear.cpp" />
    <ClCompile Include="SceneResult.cpp" />
    <ClCompile Include="EnemyLittleRedDemon.cpp" />
    <ClCompile Include="EnemyMiasmaGray.cpp" />
    <ClCompile Include="EnemyJizo.cpp" />
    <ClCompile Include="EnemyFlogSmall.cpp" />
    <ClCompile Include="EnemyFlog.cpp" />
    <ClCompile Include="EnemyEyeSpector.cpp" />
    <ClCompile Include="EnemyGrowFace.cpp" />
    <ClCompile Include="EnemyBowDemon.cpp" />
    <ClCompile Include="BossBlueDemon.cpp" />
    <ClCompile Include="EnemyLittleBlueDemon.cpp" />
    <ClCompile Include="EnemyFireball.cpp" />
    <ClCompile Include="EnemyCrocodileSnake.cpp" />
    <ClCompile Include="EnemyHugDemon.cpp" />
    <ClCompile Include="EnemyBloodPondDemon.cpp" />
    <ClCompile Include="BossBuddha.cpp" />
    <ClCompile Include="BossHag.cpp" />
    <ClCompile Include="EnemyCrow.cpp" />
    <ClCompile Include="EnemyBlueMonk.cpp" />
    <ClCompile Include="EnemyBowDemonAttack.cpp" />
    <ClCompile Include="EnemyOneEyesSnake.cpp" />
    <ClCompile Include="EnemyTreeMonster.cpp" />
    <ClCompile Include="EnemyMiasmaWhite.cpp" />
    <ClCompile Include="EnemyDeceasedPurple.cpp" />
    <ClCompile Include="EnemyDeceasedGreen.cpp" />
    <ClCompile Include="EnemyRockMassShell.cpp" />
    <ClCompile Include="EnemyRockMassSoul.cpp" />
    <ClCompile Include="EnemyRayMonster.cpp" />
    <ClCompile Include="EnemyRollOverNeckSkull.cpp" />
  </ItemGroup>
  <ItemGroup>
    <ClInclude Include="Boss.h" />
    <ClInclude Include="BossBlueDemon.h" />
    <ClInclude Include="BossBuddha.h" />
    <ClInclude Include="BossHag.h" />
    <ClInclude Include="BossRedDemon.h" />
    <ClInclude Include="EnemyBloodPondDemon.h" />
    <ClInclude Include="EnemyBlueMonk.h" />
    <ClInclude Include="EnemyBowDemon.h" />
    <ClInclude Include="Camera.h" />
    <ClInclude Include="Character.h" />
    <ClInclude Include="Cloud.h" />
    <ClInclude Include="CloudMgr.h" />
    <ClInclude Include="define.h" />
    <ClInclude Include="Enemy.h" />
    <ClInclude Include="EnemyBowDemonAttack.h" />
    <ClInclude Include="EnemyBranchMonster.h" />
    <ClInclude Include="EnemyCrow.h" />
    <ClInclude Include="EnemyCrocodileSnake.h" />
    <ClInclude Include="EnemyDeceasedFirst.h" />
    <ClInclude Include="EnemyDeceasedFourth.h" />
    <ClInclude Include="EnemyDeceasedGreen.h" />
    <ClInclude Include="EnemyDeceasedSecond.h" />
    <ClInclude Include="EnemyDeceasedThird.h" />
    <ClInclude Include="EnemyExtrudedSpirits.h" />
    <ClInclude Include="EnemyEyeSpector.h" />
    <ClInclude Include="EnemyFireball.h" />
    <ClInclude Include="EnemyFlog.h" />
    <ClInclude Include="EnemyFlogSmall.h" />
    <ClInclude Include="EnemyGrowFace.h" />
    <ClInclude Include="EnemyHellFire.h" />
    <ClInclude Include="EnemyHugDemon.h" />
    <ClInclude Include="EnemyJizo.h" />
    <ClInclude Include="EnemyLittleBlueDemon.h" />
    <ClInclude Include="EnemyMiasmaGray.h" />
    <ClInclude Include="EnemyMiasmaWhite.h" />
    <ClInclude Include="EnemyOneEyesSnake.h" />
    <ClInclude Include="EnemyRockMassShell.h" />
    <ClInclude Include="EnemyTreeMonster.h" />
    <ClInclude Include="EnemyWaterGhost.h" />
    <ClInclude Include="EnemyGhoul.h" />
    <ClInclude Include="EnemyManager.h" />
    <ClInclude Include="EnemyMoth.h" />
    <ClInclude Include="EnemyOnyudo.h" />
    <ClInclude Include="EnemyDeceasedPurple.h" />
    <ClInclude Include="EnemyRedbird.h" />
    <ClInclude Include="EnemyRedbirdAttack.h" />
    <ClInclude Include="EnemyStock.h" />
    <ClInclude Include="EnemyStoneRote.h" />
    <ClInclude Include="EnemyStoneFly.h" />
    <ClInclude Include="EnemyTree.h" />
    <ClInclude Include="EnemyGhost.h" />
    <ClInclude Include="EnemyWaterMonk.h" />
    <ClInclude Include="Field.h" />
    <ClInclude Include="Game.h" />
    <ClInclude Include="EnemyLittleRedDemon.h" />
    <ClInclude Include="Map.h" />
    <ClInclude Include="Map0.h" />
    <ClInclude Include="Map1.h" />
    <ClInclude Include="Map2.h" />
    <ClInclude Include="Map3.h" />
    <ClInclude Include="Map4.h" />
    <ClInclude Include="MapTest.h" />
    <ClInclude Include="Momotaro.h" />
    <ClInclude Include="Power.h" />
    <ClInclude Include="Psychic.h" />
    <ClInclude Include="PsychicMgr.h" />
    <ClInclude Include="PsychicMomotaro.h" />
    <ClInclude Include="PsychicTarosuke.h" />
    <ClInclude Include="Scene.h" />
    <ClInclude Include="SceneGate.h" />
    <ClInclude Include="SceneResult.h" />
    <ClInclude Include="SceneStreet.h" />
    <ClInclude Include="SceneTitle.h" />
    <ClInclude Include="EnemySkeletonSpear.h" />
    <ClInclude Include="Status.h" />
    <ClInclude Include="Tarosuke.h" />
    <ClInclude Include="EnemyBranchMonsterAttack.h" />
    <ClInclude Include="EnemyWindMonster.h" />
    <ClInclude Include="EnemyBranchMonster.h" />
    <ClInclude Include="EnemyHellFire.h" />
    <ClInclude Include="EnemyStock.h" />
    <ClInclude Include="EnemyMoth.h" />
    <ClInclude Include="EnemyTree.h" />
    <ClInclude Include="Power.h" />
    <ClInclude Include="SceneGate.h" />
    <ClInclude Include="CloudMgr.h" />
    <ClInclude Include="Boss.h" />
    <ClInclude Include="BossRedDemon.h" />
    <ClInclude Include="Map0.h" />
    <ClInclude Include="Map1.h" />
    <ClInclude Include="Map2.h" />
    <ClInclude Include="Map3.h" />
    <ClInclude Include="Map4.h" />
    <ClInclude Include="MapTest.h" />
    <ClInclude Include="EnemyDeceasedFirst.h" />
    <ClInclude Include="EnemyDeceasedSecond.h" />
    <ClInclude Include="EnemyDeceasedThird.h" />
    <ClInclude Include="EnemyDeceasedFourth.h" />
    <ClInclude Include="EnemyGhoul.h" />
    <ClInclude Include="EnemyExtrudedSpirits.h" />
    <ClInclude Include="EnemyGhost.h" />
    <ClInclude Include="EnemyOnyudo.h" />
    <ClInclude Include="EnemyStoneFly.h" />
    <ClInclude Include="EnemyStoneRote.h" />
    <ClInclude Include="EnemyWaterGhost.h" />
    <ClInclude Include="EnemyWaterMonk.h" />
    <ClInclude Include="EnemySkeletonSpear.h" />
    <ClInclude Include="SceneResult.h" />
    <ClInclude Include="EnemyLittleRedDemon.h" />
    <ClInclude Include="EnemyMiasmaGray.h" />
    <ClInclude Include="EnemyJizo.h" />
    <ClInclude Include="EnemyFlogSmall.h" />
    <ClInclude Include="EnemyFlog.h" />
    <ClInclude Include="EnemyEyeSpector.h" />
    <ClInclude Include="EnemyGrowFace.h" />
    <ClInclude Include="EnemyBowDemon.h" />
    <ClInclude Include="BossBlueDemon.h" />
    <ClInclude Include="EnemyLittleBlueDemon.h" />
    <ClInclude Include="EnemyFireball.h" />
    <ClInclude Include="EnemyCrocodileSnake.h" />
    <ClInclude Include="EnemyHugDemon.h" />
    <ClInclude Include="EnemyBloodPondDemon.h" />
    <ClInclude Include="BossBuddha.h" />
    <ClInclude Include="BossHag.h" />
    <ClInclude Include="EnemyCrow.h" />
    <ClInclude Include="EnemyBlueMonk.h" />
    <ClInclude Include="EnemyBowDemonAttack.h" />
    <ClInclude Include="EnemyOneEyesSnake.h" />
    <ClInclude Include="EnemyTreeMonster.h" />
    <ClInclude Include="EnemyMiasmaWhite.h" />
    <ClInclude Include="EnemyDeceasedPurple.h" />
    <ClInclude Include="EnemyDeceasedGreen.h" />
    <ClInclude Include="EnemyRockMassShell.h" />
    <ClInclude Include="EnemyRockMassSoul.h" />
    <ClInclude Include="EnemyRayMonster.h" />
    <ClInclude Include="EnemyRollOverNeckSkull.h" />
  </ItemGroup>
</Project>