<?xml version="1.0" encoding="utf-8"?>
<Project ToolsVersion="4.0" xmlns="http://schemas.microsoft.com/developer/msbuild/2003">
  <ItemGroup>
    <ClCompile Include="Enemy.cpp">
      <Filter>Enemy</Filter>
    </ClCompile>
    <ClCompile Include="EnemyATField.cpp">
      <Filter>Enemy</Filter>
    </ClCompile>
    <ClCompile Include="EnemyBat.cpp">
      <Filter>Enemy</Filter>
    </ClCompile>
    <ClCompile Include="EnemyBloodPondDemon.cpp">
      <Filter>Enemy</Filter>
    </ClCompile>
    <ClCompile Include="EnemyBlueMonk.cpp">
      <Filter>Enemy</Filter>
    </ClCompile>
    <ClCompile Include="EnemyBowDemon.cpp">
      <Filter>Enemy</Filter>
    </ClCompile>
    <ClCompile Include="EnemyBowDemonAttack.cpp">
      <Filter>Enemy</Filter>
    </ClCompile>
    <ClCompile Include="EnemyBranchMonster.cpp">
      <Filter>Enemy</Filter>
    </ClCompile>
    <ClCompile Include="EnemyBranchMonsterAttack.cpp">
      <Filter>Enemy</Filter>
    </ClCompile>
    <ClCompile Include="EnemyCrocodileSnake.cpp">
      <Filter>Enemy</Filter>
    </ClCompile>
    <ClCompile Include="EnemyCrow.cpp">
      <Filter>Enemy</Filter>
    </ClCompile>
    <ClCompile Include="EnemyDeceasedFirst.cpp">
      <Filter>Enemy</Filter>
    </ClCompile>
    <ClCompile Include="EnemyDeceasedFourth.cpp">
      <Filter>Enemy</Filter>
    </ClCompile>
    <ClCompile Include="EnemyDeceasedGreen.cpp">
      <Filter>Enemy</Filter>
    </ClCompile>
    <ClCompile Include="EnemyDeceasedPurple.cpp">
      <Filter>Enemy</Filter>
    </ClCompile>
    <ClCompile Include="EnemyDeceasedSecond.cpp">
      <Filter>Enemy</Filter>
    </ClCompile>
    <ClCompile Include="EnemyDeceasedThird.cpp">
      <Filter>Enemy</Filter>
    </ClCompile>
    <ClCompile Include="EnemyExtrudedSpirits.cpp">
      <Filter>Enemy</Filter>
    </ClCompile>
    <ClCompile Include="EnemyEyeSpector.cpp">
      <Filter>Enemy</Filter>
    </ClCompile>
    <ClCompile Include="EnemyFire.cpp">
      <Filter>Enemy</Filter>
    </ClCompile>
    <ClCompile Include="EnemyFireball.cpp">
      <Filter>Enemy</Filter>
    </ClCompile>
    <ClCompile Include="EnemyFlog.cpp">
      <Filter>Enemy</Filter>
    </ClCompile>
    <ClCompile Include="EnemyFlogChief.cpp">
      <Filter>Enemy</Filter>
    </ClCompile>
    <ClCompile Include="EnemyFlogSmall.cpp">
      <Filter>Enemy</Filter>
    </ClCompile>
    <ClCompile Include="EnemyGhost.cpp">
      <Filter>Enemy</Filter>
    </ClCompile>
    <ClCompile Include="EnemyGhoul.cpp">
      <Filter>Enemy</Filter>
    </ClCompile>
    <ClCompile Include="EnemyGrowFace.cpp">
      <Filter>Enemy</Filter>
    </ClCompile>
    <ClCompile Include="EnemyHandMonster.cpp">
      <Filter>Enemy</Filter>
    </ClCompile>
    <ClCompile Include="EnemyHandMonsterAttack.cpp">
      <Filter>Enemy</Filter>
    </ClCompile>
    <ClCompile Include="EnemyHellFire.cpp">
      <Filter>Enemy</Filter>
    </ClCompile>
    <ClCompile Include="EnemyHugDemon.cpp">
      <Filter>Enemy</Filter>
    </ClCompile>
    <ClCompile Include="EnemyJizo.cpp">
      <Filter>Enemy</Filter>
    </ClCompile>
    <ClCompile Include="EnemyLittleBlueDemon.cpp">
      <Filter>Enemy</Filter>
    </ClCompile>
    <ClCompile Include="EnemyLittleRedDemon.cpp">
      <Filter>Enemy</Filter>
    </ClCompile>
    <ClCompile Include="EnemyManager.cpp">
      <Filter>Enemy</Filter>
    </ClCompile>
    <ClCompile Include="EnemyMiasmaGray.cpp">
      <Filter>Enemy</Filter>
    </ClCompile>
    <ClCompile Include="EnemyMiasmaWhite.cpp">
      <Filter>Enemy</Filter>
    </ClCompile>
    <ClCompile Include="EnemyMoth.cpp">
      <Filter>Enemy</Filter>
    </ClCompile>
    <ClCompile Include="EnemyNakabon.cpp">
      <Filter>Enemy</Filter>
    </ClCompile>
    <ClCompile Include="EnemyNoFace.cpp">
      <Filter>Enemy</Filter>
    </ClCompile>
    <ClCompile Include="EnemyNoNeckGhost.cpp">
      <Filter>Enemy</Filter>
    </ClCompile>
    <ClCompile Include="EnemyOneEyesSnake.cpp">
      <Filter>Enemy</Filter>
    </ClCompile>
    <ClCompile Include="EnemyOnyudo.cpp">
      <Filter>Enemy</Filter>
    </ClCompile>
    <ClCompile Include="EnemyRayMonster.cpp">
      <Filter>Enemy</Filter>
    </ClCompile>
    <ClCompile Include="EnemyRedbird.cpp">
      <Filter>Enemy</Filter>
    </ClCompile>
    <ClCompile Include="EnemyRedbirdAttack.cpp">
      <Filter>Enemy</Filter>
    </ClCompile>
    <ClCompile Include="EnemyRedFlogSmall.cpp">
      <Filter>Enemy</Filter>
    </ClCompile>
    <ClCompile Include="EnemyRockMass.cpp">
      <Filter>Enemy</Filter>
    </ClCompile>
    <ClCompile Include="EnemyRollOverNeckSkull.cpp">
      <Filter>Enemy</Filter>
    </ClCompile>
    <ClCompile Include="EnemyRollOverNeckWoman.cpp">
      <Filter>Enemy</Filter>
    </ClCompile>
    <ClCompile Include="EnemyShishimai.cpp">
      <Filter>Enemy</Filter>
    </ClCompile>
    <ClCompile Include="EnemyShishimaiDemon.cpp">
      <Filter>Enemy</Filter>
    </ClCompile>
    <ClCompile Include="EnemySkeletonSpear.cpp">
      <Filter>Enemy</Filter>
    </ClCompile>
    <ClCompile Include="EnemyStock.cpp">
      <Filter>Enemy</Filter>
    </ClCompile>
    <ClCompile Include="EnemyStoneFly.cpp">
      <Filter>Enemy</Filter>
    </ClCompile>
    <ClCompile Include="EnemyStoneMortgage.cpp">
      <Filter>Enemy</Filter>
    </ClCompile>
    <ClCompile Include="EnemyStoneRote.cpp">
      <Filter>Enemy</Filter>
    </ClCompile>
    <ClCompile Include="EnemyTree.cpp">
      <Filter>Enemy</Filter>
    </ClCompile>
    <ClCompile Include="EnemyTreeMonster.cpp">
      <Filter>Enemy</Filter>
    </ClCompile>
    <ClCompile Include="EnemyWaterGhost.cpp">
      <Filter>Enemy</Filter>
    </ClCompile>
    <ClCompile Include="EnemyWaterMonk.cpp">
      <Filter>Enemy</Filter>
    </ClCompile>
    <ClCompile Include="EnemyWindMonster.cpp">
      <Filter>Enemy</Filter>
    </ClCompile>
    <ClCompile Include="EnemyWindMonsterAttack.cpp">
      <Filter>Enemy</Filter>
    </ClCompile>
    <ClCompile Include="EnemyYadokariYokai.cpp">
      <Filter>Enemy</Filter>
    </ClCompile>
    <ClCompile Include="BossBlueDemon.cpp">
      <Filter>Boss</Filter>
    </ClCompile>
    <ClCompile Include="BossBuddha.cpp">
      <Filter>Boss</Filter>
    </ClCompile>
    <ClCompile Include="BossEnma.cpp">
      <Filter>Boss</Filter>
    </ClCompile>
    <ClCompile Include="BossHag.cpp">
      <Filter>Boss</Filter>
    </ClCompile>
    <ClCompile Include="BossRedDemon.cpp">
      <Filter>Boss</Filter>
    </ClCompile>
    <ClCompile Include="Boss.cpp">
      <Filter>Boss</Filter>
    </ClCompile>
    <ClCompile Include="Cloud.cpp">
      <Filter>Field</Filter>
    </ClCompile>
    <ClCompile Include="CloudMgr.cpp">
      <Filter>Field</Filter>
    </ClCompile>
    <ClCompile Include="Field.cpp">
      <Filter>Field</Filter>
    </ClCompile>
    <ClCompile Include="Map.cpp">
      <Filter>Map</Filter>
    </ClCompile>
    <ClCompile Include="Map0.cpp">
      <Filter>Map</Filter>
    </ClCompile>
    <ClCompile Include="Map1.cpp">
      <Filter>Map</Filter>
    </ClCompile>
    <ClCompile Include="Map2.cpp">
      <Filter>Map</Filter>
    </ClCompile>
    <ClCompile Include="Map3.cpp">
      <Filter>Map</Filter>
    </ClCompile>
    <ClCompile Include="Map4.cpp">
      <Filter>Map</Filter>
    </ClCompile>
    <ClCompile Include="MapTest.cpp">
      <Filter>Map</Filter>
    </ClCompile>
    <ClCompile Include="Psychic.cpp">
      <Filter>Psychic</Filter>
    </ClCompile>
    <ClCompile Include="PsychicMgr.cpp">
      <Filter>Psychic</Filter>
    </ClCompile>
    <ClCompile Include="PsychicMomotaro.cpp">
      <Filter>Psychic</Filter>
    </ClCompile>
    <ClCompile Include="PsychicTarosuke.cpp">
      <Filter>Psychic</Filter>
    </ClCompile>
    <ClCompile Include="Scene.cpp">
      <Filter>Scene</Filter>
    </ClCompile>
    <ClCompile Include="SceneGate.cpp">
      <Filter>Scene</Filter>
    </ClCompile>
    <ClCompile Include="SceneResult.cpp">
      <Filter>Scene</Filter>
    </ClCompile>
    <ClCompile Include="SceneStreet.cpp">
      <Filter>Scene</Filter>
    </ClCompile>
    <ClCompile Include="SceneTitle.cpp">
      <Filter>Scene</Filter>
    </ClCompile>
    <ClCompile Include="Momotaro.cpp">
      <Filter>Player</Filter>
    </ClCompile>
    <ClCompile Include="Tarosuke.cpp">
      <Filter>Player</Filter>
    </ClCompile>
    <ClCompile Include="Inputter.cpp">
      <Filter>Player</Filter>
    </ClCompile>
    <ClCompile Include="Power.cpp">
      <Filter>Player</Filter>
    </ClCompile>
    <ClCompile Include="Infomation.cpp">
      <Filter>Other</Filter>
    </ClCompile>
    <ClCompile Include="Status.cpp">
      <Filter>Other</Filter>
    </ClCompile>
    <ClCompile Include="Camera.cpp">
      <Filter>Common</Filter>
    </ClCompile>
    <ClCompile Include="Character.cpp">
      <Filter>Common</Filter>
    </ClCompile>
    <ClCompile Include="main.cpp">
      <Filter>Common</Filter>
    </ClCompile>
    <ClCompile Include="Boss.cpp">
      <Filter>Boss</Filter>
    </ClCompile>
    <ClCompile Include="BossBlueDemon.cpp">
      <Filter>Boss</Filter>
    </ClCompile>
    <ClCompile Include="BossBuddha.cpp">
      <Filter>Boss</Filter>
    </ClCompile>
    <ClCompile Include="BossEnma.cpp">
      <Filter>Boss</Filter>
    </ClCompile>
    <ClCompile Include="BossHag.cpp">
      <Filter>Boss</Filter>
    </ClCompile>
    <ClCompile Include="BossRedDemon.cpp">
      <Filter>Boss</Filter>
    </ClCompile>
    <ClCompile Include="EnemyBat.cpp">
      <Filter>Enemy</Filter>
    </ClCompile>
    <ClCompile Include="EnemyBloodPondDemon.cpp">
      <Filter>Enemy</Filter>
    </ClCompile>
    <ClCompile Include="EnemyBlueMonk.cpp">
      <Filter>Enemy</Filter>
    </ClCompile>
    <ClCompile Include="EnemyBowDemon.cpp">
      <Filter>Enemy</Filter>
    </ClCompile>
    <ClCompile Include="EnemyBowDemonAttack.cpp">
      <Filter>Enemy</Filter>
    </ClCompile>
    <ClCompile Include="EnemyBranchMonster.cpp">
      <Filter>Enemy</Filter>
    </ClCompile>
    <ClCompile Include="EnemyBranchMonsterAttack.cpp">
      <Filter>Enemy</Filter>
    </ClCompile>
    <ClCompile Include="EnemyCrocodileSnake.cpp">
      <Filter>Enemy</Filter>
    </ClCompile>
    <ClCompile Include="EnemyCrow.cpp">
      <Filter>Enemy</Filter>
    </ClCompile>
    <ClCompile Include="EnemyDeceasedFirst.cpp">
      <Filter>Enemy</Filter>
    </ClCompile>
    <ClCompile Include="EnemyDeceasedFourth.cpp">
      <Filter>Enemy</Filter>
    </ClCompile>
    <ClCompile Include="EnemyDeceasedGreen.cpp">
      <Filter>Enemy</Filter>
    </ClCompile>
    <ClCompile Include="EnemyDeceasedPurple.cpp">
      <Filter>Enemy</Filter>
    </ClCompile>
    <ClCompile Include="EnemyDeceasedSecond.cpp">
      <Filter>Enemy</Filter>
    </ClCompile>
    <ClCompile Include="EnemyDeceasedThird.cpp">
      <Filter>Enemy</Filter>
    </ClCompile>
    <ClCompile Include="EnemyExtrudedSpirits.cpp">
      <Filter>Enemy</Filter>
    </ClCompile>
    <ClCompile Include="EnemyEyeSpector.cpp">
      <Filter>Enemy</Filter>
    </ClCompile>
    <ClCompile Include="EnemyFireball.cpp">
      <Filter>Enemy</Filter>
    </ClCompile>
    <ClCompile Include="EnemyFlog.cpp">
      <Filter>Enemy</Filter>
    </ClCompile>
    <ClCompile Include="EnemyFlogSmall.cpp">
      <Filter>Enemy</Filter>
    </ClCompile>
    <ClCompile Include="EnemyGhost.cpp">
      <Filter>Enemy</Filter>
    </ClCompile>
    <ClCompile Include="EnemyGhoul.cpp">
      <Filter>Enemy</Filter>
    </ClCompile>
    <ClCompile Include="EnemyGrowFace.cpp">
      <Filter>Enemy</Filter>
    </ClCompile>
    <ClCompile Include="EnemyHandMonster.cpp">
      <Filter>Enemy</Filter>
    </ClCompile>
    <ClCompile Include="EnemyHellFire.cpp">
      <Filter>Enemy</Filter>
    </ClCompile>
    <ClCompile Include="EnemyHugDemon.cpp">
      <Filter>Enemy</Filter>
    </ClCompile>
    <ClCompile Include="EnemyJizo.cpp">
      <Filter>Enemy</Filter>
    </ClCompile>
    <ClCompile Include="EnemyLittleBlueDemon.cpp">
      <Filter>Enemy</Filter>
    </ClCompile>
    <ClCompile Include="EnemyLittleRedDemon.cpp">
      <Filter>Enemy</Filter>
    </ClCompile>
    <ClCompile Include="EnemyMiasmaGray.cpp">
      <Filter>Enemy</Filter>
    </ClCompile>
    <ClCompile Include="EnemyMiasmaWhite.cpp">
      <Filter>Enemy</Filter>
    </ClCompile>
    <ClCompile Include="EnemyMoth.cpp">
      <Filter>Enemy</Filter>
    </ClCompile>
    <ClCompile Include="EnemyOneEyesSnake.cpp">
      <Filter>Enemy</Filter>
    </ClCompile>
    <ClCompile Include="EnemyOnyudo.cpp">
      <Filter>Enemy</Filter>
    </ClCompile>
    <ClCompile Include="EnemyRayMonster.cpp">
      <Filter>Enemy</Filter>
    </ClCompile>
    <ClCompile Include="EnemyRollOverNeckSkull.cpp">
      <Filter>Enemy</Filter>
    </ClCompile>
    <ClCompile Include="EnemyRollOverNeckWoman.cpp">
      <Filter>Enemy</Filter>
    </ClCompile>
    <ClCompile Include="EnemySkeletonSpear.cpp">
      <Filter>Enemy</Filter>
    </ClCompile>
    <ClCompile Include="EnemyStock.cpp">
      <Filter>Enemy</Filter>
    </ClCompile>
    <ClCompile Include="EnemyStoneFly.cpp">
      <Filter>Enemy</Filter>
    </ClCompile>
    <ClCompile Include="EnemyStoneMortgage.cpp">
      <Filter>Enemy</Filter>
    </ClCompile>
    <ClCompile Include="EnemyStoneRote.cpp">
      <Filter>Enemy</Filter>
    </ClCompile>
    <ClCompile Include="EnemyTree.cpp">
      <Filter>Enemy</Filter>
    </ClCompile>
    <ClCompile Include="EnemyTreeMonster.cpp">
      <Filter>Enemy</Filter>
    </ClCompile>
    <ClCompile Include="EnemyWaterGhost.cpp">
      <Filter>Enemy</Filter>
    </ClCompile>
    <ClCompile Include="EnemyWaterMonk.cpp">
      <Filter>Enemy</Filter>
    </ClCompile>
    <ClCompile Include="EnemyWindMonster.cpp">
      <Filter>Enemy</Filter>
    </ClCompile>
    <ClCompile Include="CloudMgr.cpp">
      <Filter>Field</Filter>
    </ClCompile>
    <ClCompile Include="Map0.cpp">
      <Filter>Map</Filter>
    </ClCompile>
    <ClCompile Include="Map1.cpp">
      <Filter>Map</Filter>
    </ClCompile>
    <ClCompile Include="Map2.cpp">
      <Filter>Map</Filter>
    </ClCompile>
    <ClCompile Include="Map3.cpp">
      <Filter>Map</Filter>
    </ClCompile>
    <ClCompile Include="Map4.cpp">
      <Filter>Map</Filter>
    </ClCompile>
    <ClCompile Include="MapTest.cpp">
      <Filter>Map</Filter>
    </ClCompile>
    <ClCompile Include="Power.cpp">
      <Filter>Player</Filter>
    </ClCompile>
    <ClCompile Include="SceneGate.cpp">
      <Filter>Scene</Filter>
    </ClCompile>
    <ClCompile Include="SceneResult.cpp">
      <Filter>Scene</Filter>
    </ClCompile>
    <ClCompile Include="Game.cpp">
      <Filter>Common</Filter>
    </ClCompile>
    <ClCompile Include="SceneInfo.cpp">
      <Filter>Scene</Filter>
    </ClCompile>
    <ClCompile Include="ItemMgr.cpp" />
  </ItemGroup>
  <ItemGroup>
    <ClInclude Include="Enemy.h">
      <Filter>Enemy</Filter>
    </ClInclude>
    <ClInclude Include="EnemyATField.h">
      <Filter>Enemy</Filter>
    </ClInclude>
    <ClInclude Include="EnemyBat.h">
      <Filter>Enemy</Filter>
    </ClInclude>
    <ClInclude Include="EnemyBloodPondDemon.h">
      <Filter>Enemy</Filter>
    </ClInclude>
    <ClInclude Include="EnemyBlueMonk.h">
      <Filter>Enemy</Filter>
    </ClInclude>
    <ClInclude Include="EnemyBowDemon.h">
      <Filter>Enemy</Filter>
    </ClInclude>
    <ClInclude Include="EnemyBowDemonAttack.h">
      <Filter>Enemy</Filter>
    </ClInclude>
    <ClInclude Include="EnemyBranchMonster.h">
      <Filter>Enemy</Filter>
    </ClInclude>
    <ClInclude Include="EnemyBranchMonsterAttack.h">
      <Filter>Enemy</Filter>
    </ClInclude>
    <ClInclude Include="EnemyCrocodileSnake.h">
      <Filter>Enemy</Filter>
    </ClInclude>
    <ClInclude Include="EnemyCrow.h">
      <Filter>Enemy</Filter>
    </ClInclude>
    <ClInclude Include="EnemyDeceasedFirst.h">
      <Filter>Enemy</Filter>
    </ClInclude>
    <ClInclude Include="EnemyDeceasedFourth.h">
      <Filter>Enemy</Filter>
    </ClInclude>
    <ClInclude Include="EnemyDeceasedGreen.h">
      <Filter>Enemy</Filter>
    </ClInclude>
    <ClInclude Include="EnemyDeceasedPurple.h">
      <Filter>Enemy</Filter>
    </ClInclude>
    <ClInclude Include="EnemyDeceasedSecond.h">
      <Filter>Enemy</Filter>
    </ClInclude>
    <ClInclude Include="EnemyDeceasedThird.h">
      <Filter>Enemy</Filter>
    </ClInclude>
    <ClInclude Include="EnemyExtrudedSpirits.h">
      <Filter>Enemy</Filter>
    </ClInclude>
    <ClInclude Include="EnemyEyeSpector.h">
      <Filter>Enemy</Filter>
    </ClInclude>
    <ClInclude Include="EnemyFire.h">
      <Filter>Enemy</Filter>
    </ClInclude>
    <ClInclude Include="EnemyFireball.h">
      <Filter>Enemy</Filter>
    </ClInclude>
    <ClInclude Include="EnemyFlog.h">
      <Filter>Enemy</Filter>
    </ClInclude>
    <ClInclude Include="EnemyFlogChief.h">
      <Filter>Enemy</Filter>
    </ClInclude>
    <ClInclude Include="EnemyFlogSmall.h">
      <Filter>Enemy</Filter>
    </ClInclude>
    <ClInclude Include="EnemyGhost.h">
      <Filter>Enemy</Filter>
    </ClInclude>
    <ClInclude Include="EnemyGhoul.h">
      <Filter>Enemy</Filter>
    </ClInclude>
    <ClInclude Include="EnemyGrowFace.h">
      <Filter>Enemy</Filter>
    </ClInclude>
    <ClInclude Include="EnemyHandMonster.h">
      <Filter>Enemy</Filter>
    </ClInclude>
    <ClInclude Include="EnemyHandMonsterAttack.h">
      <Filter>Enemy</Filter>
    </ClInclude>
    <ClInclude Include="EnemyHellFire.h">
      <Filter>Enemy</Filter>
    </ClInclude>
    <ClInclude Include="EnemyHugDemon.h">
      <Filter>Enemy</Filter>
    </ClInclude>
    <ClInclude Include="EnemyJizo.h">
      <Filter>Enemy</Filter>
    </ClInclude>
    <ClInclude Include="EnemyLittleBlueDemon.h">
      <Filter>Enemy</Filter>
    </ClInclude>
    <ClInclude Include="EnemyLittleRedDemon.h">
      <Filter>Enemy</Filter>
    </ClInclude>
    <ClInclude Include="EnemyManager.h">
      <Filter>Enemy</Filter>
    </ClInclude>
    <ClInclude Include="EnemyMiasmaGray.h">
      <Filter>Enemy</Filter>
    </ClInclude>
    <ClInclude Include="EnemyMiasmaWhite.h">
      <Filter>Enemy</Filter>
    </ClInclude>
    <ClInclude Include="EnemyMoth.h">
      <Filter>Enemy</Filter>
    </ClInclude>
    <ClInclude Include="EnemyNakabon.h">
      <Filter>Enemy</Filter>
    </ClInclude>
    <ClInclude Include="EnemyNoFace.h">
      <Filter>Enemy</Filter>
    </ClInclude>
    <ClInclude Include="EnemyNoNeckGhost.h">
      <Filter>Enemy</Filter>
    </ClInclude>
    <ClInclude Include="EnemyOneEyesSnake.h">
      <Filter>Enemy</Filter>
    </ClInclude>
    <ClInclude Include="EnemyOnyudo.h">
      <Filter>Enemy</Filter>
    </ClInclude>
    <ClInclude Include="EnemyRayMonster.h">
      <Filter>Enemy</Filter>
    </ClInclude>
    <ClInclude Include="EnemyRedbird.h">
      <Filter>Enemy</Filter>
    </ClInclude>
    <ClInclude Include="EnemyRedbirdAttack.h">
      <Filter>Enemy</Filter>
    </ClInclude>
    <ClInclude Include="EnemyRedFlogSmall.h">
      <Filter>Enemy</Filter>
    </ClInclude>
    <ClInclude Include="EnemyRockMass.h">
      <Filter>Enemy</Filter>
    </ClInclude>
    <ClInclude Include="EnemyRollOverNeckSkull.h">
      <Filter>Enemy</Filter>
    </ClInclude>
    <ClInclude Include="EnemyRollOverNeckWoman.h">
      <Filter>Enemy</Filter>
    </ClInclude>
    <ClInclude Include="EnemyShishimai.h">
      <Filter>Enemy</Filter>
    </ClInclude>
    <ClInclude Include="EnemyShishimaiDemon.h">
      <Filter>Enemy</Filter>
    </ClInclude>
    <ClInclude Include="EnemySkeletonSpear.h">
      <Filter>Enemy</Filter>
    </ClInclude>
    <ClInclude Include="EnemyStock.h">
      <Filter>Enemy</Filter>
    </ClInclude>
    <ClInclude Include="EnemyStoneFly.h">
      <Filter>Enemy</Filter>
    </ClInclude>
    <ClInclude Include="EnemyStoneMortgage.h">
      <Filter>Enemy</Filter>
    </ClInclude>
    <ClInclude Include="EnemyStoneRote.h">
      <Filter>Enemy</Filter>
    </ClInclude>
    <ClInclude Include="EnemyTree.h">
      <Filter>Enemy</Filter>
    </ClInclude>
    <ClInclude Include="EnemyTreeMonster.h">
      <Filter>Enemy</Filter>
    </ClInclude>
    <ClInclude Include="EnemyWaterGhost.h">
      <Filter>Enemy</Filter>
    </ClInclude>
    <ClInclude Include="EnemyWaterMonk.h">
      <Filter>Enemy</Filter>
    </ClInclude>
    <ClInclude Include="EnemyWindMonster.h">
      <Filter>Enemy</Filter>
    </ClInclude>
    <ClInclude Include="EnemyWindMonsterAttack.h">
      <Filter>Enemy</Filter>
    </ClInclude>
    <ClInclude Include="EnemyYadokariYokai.h">
      <Filter>Enemy</Filter>
    </ClInclude>
    <ClInclude Include="BossBlueDemon.h">
      <Filter>Boss</Filter>
    </ClInclude>
    <ClInclude Include="BossBuddha.h">
      <Filter>Boss</Filter>
    </ClInclude>
    <ClInclude Include="BossEnma.h">
      <Filter>Boss</Filter>
    </ClInclude>
    <ClInclude Include="BossHag.h">
      <Filter>Boss</Filter>
    </ClInclude>
    <ClInclude Include="BossRedDemon.h">
      <Filter>Boss</Filter>
    </ClInclude>
    <ClInclude Include="Boss.h">
      <Filter>Boss</Filter>
    </ClInclude>
    <ClInclude Include="Cloud.h">
      <Filter>Field</Filter>
    </ClInclude>
    <ClInclude Include="CloudMgr.h">
      <Filter>Field</Filter>
    </ClInclude>
    <ClInclude Include="Field.h">
      <Filter>Field</Filter>
    </ClInclude>
    <ClInclude Include="Map.h">
      <Filter>Map</Filter>
    </ClInclude>
    <ClInclude Include="Map0.h">
      <Filter>Map</Filter>
    </ClInclude>
    <ClInclude Include="Map1.h">
      <Filter>Map</Filter>
    </ClInclude>
    <ClInclude Include="Map2.h">
      <Filter>Map</Filter>
    </ClInclude>
    <ClInclude Include="Map3.h">
      <Filter>Map</Filter>
    </ClInclude>
    <ClInclude Include="Map4.h">
      <Filter>Map</Filter>
    </ClInclude>
    <ClInclude Include="MapTest.h">
      <Filter>Map</Filter>
    </ClInclude>
    <ClInclude Include="Psychic.h">
      <Filter>Psychic</Filter>
    </ClInclude>
    <ClInclude Include="PsychicMgr.h">
      <Filter>Psychic</Filter>
    </ClInclude>
    <ClInclude Include="PsychicMomotaro.h">
      <Filter>Psychic</Filter>
    </ClInclude>
    <ClInclude Include="PsychicTarosuke.h">
      <Filter>Psychic</Filter>
    </ClInclude>
    <ClInclude Include="Scene.h">
      <Filter>Scene</Filter>
    </ClInclude>
    <ClInclude Include="SceneGate.h">
      <Filter>Scene</Filter>
    </ClInclude>
    <ClInclude Include="SceneResult.h">
      <Filter>Scene</Filter>
    </ClInclude>
    <ClInclude Include="SceneStreet.h">
      <Filter>Scene</Filter>
    </ClInclude>
    <ClInclude Include="SceneTitle.h">
      <Filter>Scene</Filter>
    </ClInclude>
    <ClInclude Include="Momotaro.h">
      <Filter>Player</Filter>
    </ClInclude>
    <ClInclude Include="Tarosuke.h">
      <Filter>Player</Filter>
    </ClInclude>
    <ClInclude Include="Inputter.h">
      <Filter>Player</Filter>
    </ClInclude>
    <ClInclude Include="Power.h">
      <Filter>Player</Filter>
    </ClInclude>
    <ClInclude Include="Infomation.h">
      <Filter>Other</Filter>
    </ClInclude>
    <ClInclude Include="Status.h">
      <Filter>Other</Filter>
    </ClInclude>
    <ClInclude Include="Camera.h">
      <Filter>Common</Filter>
    </ClInclude>
    <ClInclude Include="Character.h">
      <Filter>Common</Filter>
    </ClInclude>
    <ClInclude Include="define.h">
      <Filter>Common</Filter>
    </ClInclude>
    <ClInclude Include="Boss.h">
      <Filter>Boss</Filter>
    </ClInclude>
    <ClInclude Include="BossBlueDemon.h">
      <Filter>Boss</Filter>
    </ClInclude>
    <ClInclude Include="BossBuddha.h">
      <Filter>Boss</Filter>
    </ClInclude>
    <ClInclude Include="BossEnma.h">
      <Filter>Boss</Filter>
    </ClInclude>
    <ClInclude Include="BossHag.h">
      <Filter>Boss</Filter>
    </ClInclude>
    <ClInclude Include="BossRedDemon.h">
      <Filter>Boss</Filter>
    </ClInclude>
    <ClInclude Include="EnemyBat.h">
      <Filter>Enemy</Filter>
    </ClInclude>
    <ClInclude Include="EnemyBloodPondDemon.h">
      <Filter>Enemy</Filter>
    </ClInclude>
    <ClInclude Include="EnemyBlueMonk.h">
      <Filter>Enemy</Filter>
    </ClInclude>
    <ClInclude Include="EnemyBowDemon.h">
      <Filter>Enemy</Filter>
    </ClInclude>
    <ClInclude Include="EnemyBowDemonAttack.h">
      <Filter>Enemy</Filter>
    </ClInclude>
    <ClInclude Include="EnemyBranchMonster.h">
      <Filter>Enemy</Filter>
    </ClInclude>
    <ClInclude Include="EnemyBranchMonsterAttack.h">
      <Filter>Enemy</Filter>
    </ClInclude>
    <ClInclude Include="EnemyCrocodileSnake.h">
      <Filter>Enemy</Filter>
    </ClInclude>
    <ClInclude Include="EnemyCrow.h">
      <Filter>Enemy</Filter>
    </ClInclude>
    <ClInclude Include="EnemyDeceasedFirst.h">
      <Filter>Enemy</Filter>
    </ClInclude>
    <ClInclude Include="EnemyDeceasedFourth.h">
      <Filter>Enemy</Filter>
    </ClInclude>
    <ClInclude Include="EnemyDeceasedGreen.h">
      <Filter>Enemy</Filter>
    </ClInclude>
    <ClInclude Include="EnemyDeceasedPurple.h">
      <Filter>Enemy</Filter>
    </ClInclude>
    <ClInclude Include="EnemyDeceasedSecond.h">
      <Filter>Enemy</Filter>
    </ClInclude>
    <ClInclude Include="EnemyDeceasedThird.h">
      <Filter>Enemy</Filter>
    </ClInclude>
    <ClInclude Include="EnemyExtrudedSpirits.h">
      <Filter>Enemy</Filter>
    </ClInclude>
    <ClInclude Include="EnemyEyeSpector.h">
      <Filter>Enemy</Filter>
    </ClInclude>
    <ClInclude Include="EnemyFireball.h">
      <Filter>Enemy</Filter>
    </ClInclude>
    <ClInclude Include="EnemyFlog.h">
      <Filter>Enemy</Filter>
    </ClInclude>
    <ClInclude Include="EnemyFlogSmall.h">
      <Filter>Enemy</Filter>
    </ClInclude>
    <ClInclude Include="EnemyGhost.h">
      <Filter>Enemy</Filter>
    </ClInclude>
    <ClInclude Include="EnemyGhoul.h">
      <Filter>Enemy</Filter>
    </ClInclude>
    <ClInclude Include="EnemyGrowFace.h">
      <Filter>Enemy</Filter>
    </ClInclude>
    <ClInclude Include="EnemyHandMonster.h">
      <Filter>Enemy</Filter>
    </ClInclude>
    <ClInclude Include="EnemyHellFire.h">
      <Filter>Enemy</Filter>
    </ClInclude>
    <ClInclude Include="EnemyHugDemon.h">
      <Filter>Enemy</Filter>
    </ClInclude>
    <ClInclude Include="EnemyJizo.h">
      <Filter>Enemy</Filter>
    </ClInclude>
    <ClInclude Include="EnemyLittleBlueDemon.h">
      <Filter>Enemy</Filter>
    </ClInclude>
    <ClInclude Include="EnemyLittleRedDemon.h">
      <Filter>Enemy</Filter>
    </ClInclude>
    <ClInclude Include="EnemyMiasmaGray.h">
      <Filter>Enemy</Filter>
    </ClInclude>
    <ClInclude Include="EnemyMiasmaWhite.h">
      <Filter>Enemy</Filter>
    </ClInclude>
    <ClInclude Include="EnemyMoth.h">
      <Filter>Enemy</Filter>
    </ClInclude>
    <ClInclude Include="EnemyOneEyesSnake.h">
      <Filter>Enemy</Filter>
    </ClInclude>
    <ClInclude Include="EnemyOnyudo.h">
      <Filter>Enemy</Filter>
    </ClInclude>
    <ClInclude Include="EnemyRayMonster.h">
      <Filter>Enemy</Filter>
    </ClInclude>
    <ClInclude Include="EnemyRollOverNeckSkull.h">
      <Filter>Enemy</Filter>
    </ClInclude>
    <ClInclude Include="EnemyRollOverNeckWoman.h">
      <Filter>Enemy</Filter>
    </ClInclude>
    <ClInclude Include="EnemySkeletonSpear.h">
      <Filter>Enemy</Filter>
    </ClInclude>
    <ClInclude Include="EnemyStock.h">
      <Filter>Enemy</Filter>
    </ClInclude>
    <ClInclude Include="EnemyStoneFly.h">
      <Filter>Enemy</Filter>
    </ClInclude>
    <ClInclude Include="EnemyStoneMortgage.h">
      <Filter>Enemy</Filter>
    </ClInclude>
    <ClInclude Include="EnemyStoneRote.h">
      <Filter>Enemy</Filter>
    </ClInclude>
    <ClInclude Include="EnemyTree.h">
      <Filter>Enemy</Filter>
    </ClInclude>
    <ClInclude Include="EnemyTreeMonster.h">
      <Filter>Enemy</Filter>
    </ClInclude>
    <ClInclude Include="EnemyWaterGhost.h">
      <Filter>Enemy</Filter>
    </ClInclude>
    <ClInclude Include="EnemyWaterMonk.h">
      <Filter>Enemy</Filter>
    </ClInclude>
    <ClInclude Include="EnemyWindMonster.h">
      <Filter>Enemy</Filter>
    </ClInclude>
    <ClInclude Include="CloudMgr.h">
      <Filter>Field</Filter>
    </ClInclude>
    <ClInclude Include="Map0.h">
      <Filter>Map</Filter>
    </ClInclude>
    <ClInclude Include="Map1.h">
      <Filter>Map</Filter>
    </ClInclude>
    <ClInclude Include="Map2.h">
      <Filter>Map</Filter>
    </ClInclude>
    <ClInclude Include="Map3.h">
      <Filter>Map</Filter>
    </ClInclude>
    <ClInclude Include="Map4.h">
      <Filter>Map</Filter>
    </ClInclude>
    <ClInclude Include="MapTest.h">
      <Filter>Map</Filter>
    </ClInclude>
    <ClInclude Include="Power.h">
      <Filter>Player</Filter>
    </ClInclude>
    <ClInclude Include="SceneGate.h">
      <Filter>Scene</Filter>
    </ClInclude>
    <ClInclude Include="SceneResult.h">
      <Filter>Scene</Filter>
    </ClInclude>
    <ClInclude Include="Game.h">
      <Filter>Common</Filter>
    </ClInclude>
    <ClInclude Include="SceneInfo.h">
      <Filter>Scene</Filter>
    </ClInclude>
    <ClInclude Include="ItemMgr.h" />
  </ItemGroup>
  <ItemGroup>
    <Filter Include="Enemy">
      <UniqueIdentifier>{66efd165-1d33-4272-9c11-c61c033cedbc}</UniqueIdentifier>
    </Filter>
    <Filter Include="Boss">
      <UniqueIdentifier>{c6aca183-e638-42b4-8089-9212e7f99289}</UniqueIdentifier>
    </Filter>
    <Filter Include="Field">
      <UniqueIdentifier>{dfa95aeb-2d5d-4bf4-9858-183d944f0935}</UniqueIdentifier>
    </Filter>
    <Filter Include="Map">
      <UniqueIdentifier>{e97c5c97-83f6-4e49-ba8f-b7afac0824cd}</UniqueIdentifier>
    </Filter>
    <Filter Include="Psychic">
      <UniqueIdentifier>{aeffb876-0247-404c-9c5a-fa8b2112d641}</UniqueIdentifier>
    </Filter>
    <Filter Include="Scene">
      <UniqueIdentifier>{64c872e9-39ee-4b9d-96c3-6517919711f9}</UniqueIdentifier>
    </Filter>
    <Filter Include="Player">
      <UniqueIdentifier>{ac15b1a7-eba8-425f-b779-ccaec5573b10}</UniqueIdentifier>
    </Filter>
    <Filter Include="Other">
      <UniqueIdentifier>{005f942a-1678-4609-bb04-a7b8f986a547}</UniqueIdentifier>
    </Filter>
    <Filter Include="Common">
      <UniqueIdentifier>{6dd0045b-4a64-4e03-bcb0-eed99d296166}</UniqueIdentifier>
    </Filter>
  </ItemGroup>
</Project>