<?xml version="1.0" encoding="utf-8"?>
<Project ToolsVersion="4.0" xmlns="http://schemas.microsoft.com/developer/msbuild/2003">
  <ItemGroup>
    <ClCompile Include="Camera.cpp" />
    <ClCompile Include="Character.cpp" />
    <ClCompile Include="Cloud.cpp" />
    <ClCompile Include="Enemy.cpp" />
    <ClCompile Include="EnemyManager.cpp" />
    <ClCompile Include="EnemyPurpleYokai.cpp" />
    <ClCompile Include="EnemyRedbird.cpp" />
    <ClCompile Include="EnemyRedbirdAttack.cpp" />
    <ClCompile Include="Field.cpp" />
    <ClCompile Include="Game.cpp" />
    <ClCompile Include="main.cpp" />
    <ClCompile Include="Map.cpp" />
    <ClCompile Include="Momotaro.cpp" />
    <ClCompile Include="Psychic.cpp" />
    <ClCompile Include="PsychicMgr.cpp" />
    <ClCompile Include="PsychicMomotaro.cpp" />
    <ClCompile Include="PsychicTarosuke.cpp" />
    <ClCompile Include="Scene.cpp" />
    <ClCompile Include="SceneStreet.cpp" />
    <ClCompile Include="SceneTitle.cpp" />
    <ClCompile Include="Status.cpp" />
    <ClCompile Include="Tarosuke.cpp" />
    <ClCompile Include="EnemyStock.cpp" />
    <ClCompile Include="EnemyMoth.cpp" />
    <ClCompile Include="EnemyTree.cpp" />
    <ClCompile Include="Power.cpp" />
    <ClCompile Include="SceneGate.cpp" />
    <ClCompile Include="CloudMgr.cpp" />
    <ClCompile Include="Boss.cpp" />
    <ClCompile Include="BossRedDemon.cpp" />
  </ItemGroup>
  <ItemGroup>
    <ClInclude Include="Camera.h" />
    <ClInclude Include="Character.h" />
    <ClInclude Include="Cloud.h" />
    <ClInclude Include="define.h" />
    <ClInclude Include="Enemy.h" />
    <ClInclude Include="EnemyManager.h" />
    <ClInclude Include="EnemyPurpleYokai.h" />
    <ClInclude Include="EnemyRedbird.h" />
    <ClInclude Include="EnemyRedbirdAttack.h" />
    <ClInclude Include="Field.h" />
    <ClInclude Include="Game.h" />
    <ClInclude Include="Map.h" />
    <ClInclude Include="Momotaro.h" />
    <ClInclude Include="Psychic.h" />
    <ClInclude Include="PsychicMgr.h" />
    <ClInclude Include="PsychicMomotaro.h" />
    <ClInclude Include="PsychicTarosuke.h" />
    <ClInclude Include="Scene.h" />
    <ClInclude Include="SceneStreet.h" />
    <ClInclude Include="SceneTitle.h" />
    <ClInclude Include="Status.h" />
    <ClInclude Include="Tarosuke.h" />
    <ClInclude Include="EnemyStock.h" />
    <ClInclude Include="EnemyMoth.h" />
    <ClInclude Include="EnemyTree.h" />
    <ClInclude Include="Power.h" />
    <ClInclude Include="SceneGate.h" />
    <ClInclude Include="CloudMgr.h" />
    <ClInclude Include="Boss.h" />
    <ClInclude Include="BossRedDemon.h" />
  </ItemGroup>
</Project>