
Microsoft Visual Studio Solution File, Format Version 12.00
# Visual Studio 2013
VisualStudioVersion = 12.0.40629.0
MinimumVisualStudioVersion = 10.0.40219.1
Project("{8BC9CEB8-8B4A-11D0-8D11-00A0C91BC942}") = "Solution", "Solution.vcxproj", "{21AE15DA-52F3-4ABF-AFFF-C600822BE101}"
EndProject
Project("{8BC9CEB8-8B4A-11D0-8D11-00A0C91BC942}") = "Framework2017", "..\..\Framework2017\Framework2017.vcxproj", "{5EE8C2EE-5877-4647-BB7C-6BC53C390DE4}"
EndProject
Global
	GlobalSection(SolutionConfigurationPlatforms) = preSolution
		Debug|Win32 = Debug|Win32
		Release|Win32 = Release|Win32
	EndGlobalSection
	GlobalSection(ProjectConfigurationPlatforms) = postSolution
		{21AE15DA-52F3-4ABF-AFFF-C600822BE101}.Debug|Win32.ActiveCfg = Debug|Win32
		{21AE15DA-52F3-4ABF-AFFF-C600822BE101}.Debug|Win32.Build.0 = Debug|Win32
		{21AE15DA-52F3-4ABF-AFFF-C600822BE101}.Release|Win32.ActiveCfg = Release|Win32
		{21AE15DA-52F3-4ABF-AFFF-C600822BE101}.Release|Win32.Build.0 = Release|Win32
		{5EE8C2EE-5877-4647-BB7C-6BC53C390DE4}.Debug|Win32.ActiveCfg = Debug|Win32
		{5EE8C2EE-5877-4647-BB7C-6BC53C390DE4}.Debug|Win32.Build.0 = Debug|Win32
		{5EE8C2EE-5877-4647-BB7C-6BC53C390DE4}.Release|Win32.ActiveCfg = Release|Win32
		{5EE8C2EE-5877-4647-BB7C-6BC53C390DE4}.Release|Win32.Build.0 = Release|Win32
	EndGlobalSection
	GlobalSection(SolutionProperties) = preSolution
		HideSolutionNode = FALSE
	EndGlobalSection
EndGlobal
